#include <iostream>
#include <string>
using namespace std;

class Car {
private:
	int year;
public:
	Car(int _year) : year(_year)
	{
		cout << "original constructor was called" << endl;
	}
	Car(Car& _c)
	{
		cout << "copy constructor was called" << endl;
		year = _c.year;
	}
	void showYear()
	{
		cout << "This car was made in " << year << endl;
	}
};

int main() {
	Car c(2010);
	c.showYear();

	Car d = c;
	Car e(c);

	d.showYear();
	e.showYear();

	return 0;
}
